
Microsoft Visual Studio Solution File, Format Version 12.00
# Visual Studio Version 16
VisualStudioVersion = 16.0.30413.136
MinimumVisualStudioVersion = 10.0.40219.1
Project("{FAE04EC0-301F-11D3-BF4B-00C04F79EFBC}") = "Raetselprogramm", "Raetselprogramm.csproj", "{5BF74A47-1DE9-48C2-8B07-85C46FDBA434}"
EndProject
Global
	GlobalSection(SolutionConfigurationPlatforms) = preSolution
		Debug|Any CPU = Debug|Any CPU
		Release|Any CPU = Release|Any CPU
	EndGlobalSection
	GlobalSection(ProjectConfigurationPlatforms) = postSolution
		{5BF74A47-1DE9-48C2-8B07-85C46FDBA434}.Debug|Any CPU.ActiveCfg = Debug|Any CPU
		{5BF74A47-1DE9-48C2-8B07-85C46FDBA434}.Debug|Any CPU.Build.0 = Debug|Any CPU
		{5BF74A47-1DE9-48C2-8B07-85C46FDBA434}.Release|Any CPU.ActiveCfg = Release|Any CPU
		{5BF74A47-1DE9-48C2-8B07-85C46FDBA434}.Release|Any CPU.Build.0 = Release|Any CPU
	EndGlobalSection
	GlobalSection(SolutionProperties) = preSolution
		HideSolutionNode = FALSE
	EndGlobalSection
	GlobalSection(ExtensibilityGlobals) = postSolution
		SolutionGuid = {91610828-4A1E-4065-AE0C-D35A8FC0E640}
	EndGlobalSection
EndGlobal
